
Microsoft Visual Studio Solution File, Format Version 12.00
# Visual Studio Version 17
VisualStudioVersion = 17.7.34031.279
MinimumVisualStudioVersion = 10.0.40219.1
Project("{FAE04EC0-301F-11D3-BF4B-00C04F79EFBC}") = "Shapes", "Shapes\Shapes.csproj", "{8E71FA11-6C04-418F-BB28-5F9178EEB785}"
EndProject
Project("{2150E333-8FDC-42A3-9474-1A3956D46DE8}") = "src", "src", "{B990F2BD-B28A-4BF4-9249-4595A9382F5E}"
EndProject
Project("{2150E333-8FDC-42A3-9474-1A3956D46DE8}") = "tests", "tests", "{1ECF82D9-21DA-4B85-B897-6621DA3384DF}"
EndProject
Project("{FAE04EC0-301F-11D3-BF4B-00C04F79EFBC}") = "Shapes.Tests", "Shapes.Tests\Shapes.Tests.csproj", "{7650CCC7-9F33-45AC-9541-A18CFC994EC4}"
EndProject
Global
	GlobalSection(SolutionConfigurationPlatforms) = preSolution
		Debug|Any CPU = Debug|Any CPU
		Release|Any CPU = Release|Any CPU
	EndGlobalSection
	GlobalSection(ProjectConfigurationPlatforms) = postSolution
		{8E71FA11-6C04-418F-BB28-5F9178EEB785}.Debug|Any CPU.ActiveCfg = Debug|Any CPU
		{8E71FA11-6C04-418F-BB28-5F9178EEB785}.Debug|Any CPU.Build.0 = Debug|Any CPU
		{8E71FA11-6C04-418F-BB28-5F9178EEB785}.Release|Any CPU.ActiveCfg = Release|Any CPU
		{8E71FA11-6C04-418F-BB28-5F9178EEB785}.Release|Any CPU.Build.0 = Release|Any CPU
		{7650CCC7-9F33-45AC-9541-A18CFC994EC4}.Debug|Any CPU.ActiveCfg = Debug|Any CPU
		{7650CCC7-9F33-45AC-9541-A18CFC994EC4}.Debug|Any CPU.Build.0 = Debug|Any CPU
		{7650CCC7-9F33-45AC-9541-A18CFC994EC4}.Release|Any CPU.ActiveCfg = Release|Any CPU
		{7650CCC7-9F33-45AC-9541-A18CFC994EC4}.Release|Any CPU.Build.0 = Release|Any CPU
	EndGlobalSection
	GlobalSection(SolutionProperties) = preSolution
		HideSolutionNode = FALSE
	EndGlobalSection
	GlobalSection(NestedProjects) = preSolution
		{8E71FA11-6C04-418F-BB28-5F9178EEB785} = {B990F2BD-B28A-4BF4-9249-4595A9382F5E}
		{7650CCC7-9F33-45AC-9541-A18CFC994EC4} = {1ECF82D9-21DA-4B85-B897-6621DA3384DF}
	EndGlobalSection
	GlobalSection(ExtensibilityGlobals) = postSolution
		SolutionGuid = {9A7F19AA-4B8A-4180-A45E-9F1C967D166E}
	EndGlobalSection
EndGlobal
